// !$*UTF8*$!
{
	archiveVersion = 1;
	classes = {
	};
	objectVersion = 48;
	objects = {

/* Begin PBXBuildFile section */
		742CE3F02028AF2200AA6923 /* AppDelegate.m in Sources */ = {isa = PBXBuildFile; fileRef = 742CE3EF2028AF2200AA6923 /* AppDelegate.m */; };
		742CE3F32028AF2200AA6923 /* ViewController.m in Sources */ = {isa = PBXBuildFile; fileRef = 742CE3F22028AF2200AA6923 /* ViewController.m */; };
		742CE3F62028AF2200AA6923 /* Main.storyboard in Resources */ = {isa = PBXBuildFile; fileRef = 742CE3F42028AF2200AA6923 /* Main.storyboard */; };
		742CE3F82028AF2200AA6923 /* Assets.xcassets in Resources */ = {isa = PBXBuildFile; fileRef = 742CE3F72028AF2200AA6923 /* Assets.xcassets */; };
		742CE3FB2028AF2200AA6923 /* LaunchScreen.storyboard in Resources */ = {isa = PBXBuildFile; fileRef = 742CE3F92028AF2200AA6923 /* LaunchScreen.storyboard */; };
		742CE3FE2028AF2200AA6923 /* main.m in Sources */ = {isa = PBXBuildFile; fileRef = 742CE3FD2028AF2200AA6923 /* main.m */; };
		742CE4062028AFCB00AA6923 /* BulletView.m in Sources */ = {isa = PBXBuildFile; fileRef = 742CE4052028AFCB00AA6923 /* BulletView.m */; };
		742CE4092028AFDD00AA6923 /* BulletManage.m in Sources */ = {isa = PBXBuildFile; fileRef = 742CE4082028AFDC00AA6923 /* BulletManage.m */; };
/* End PBXBuildFile section */

/* Begin PBXFileReference section */
		742CE3EB2028AF2200AA6923 /* liveCommentingPratices.app */ = {isa = PBXFileReference; explicitFileType = wrapper.application; includeInIndex = 0; path = liveCommentingPratices.app; sourceTree = BUILT_PRODUCTS_DIR; };
		742CE3EE2028AF2200AA6923 /* AppDelegate.h */ = {isa = PBXFileReference; lastKnownFileType = sourcecode.c.h; path = AppDelegate.h; sourceTree = "<group>"; };
		742CE3EF2028AF2200AA6923 /* AppDelegate.m */ = {isa = PBXFileReference; lastKnownFileType = sourcecode.c.objc; path = AppDelegate.m; sourceTree = "<group>"; };
		742CE3F12028AF2200AA6923 /* ViewController.h */ = {isa = PBXFileReference; lastKnownFileType = sourcecode.c.h; path = ViewController.h; sourceTree = "<group>"; };
		742CE3F22028AF2200AA6923 /* ViewController.m */ = {isa = PBXFileReference; lastKnownFileType = sourcecode.c.objc; path = ViewController.m; sourceTree = "<group>"; };
		742CE3F52028AF2200AA6923 /* Base */ = {isa = PBXFileReference; lastKnownFileType = file.storyboard; name = Base; path = Base.lproj/Main.storyboard; sourceTree = "<group>"; };
		742CE3F72028AF2200AA6923 /* Assets.xcassets */ = {isa = PBXFileReference; lastKnownFileType = folder.assetcatalog; path = Assets.xcassets; sourceTree = "<group>"; };
		742CE3FA2028AF2200AA6923 /* Base */ = {isa = PBXFileReference; lastKnownFileType = file.storyboard; name = Base; path = Base.lproj/LaunchScreen.storyboard; sourceTree = "<group>"; };
		742CE3FC2028AF2200AA6923 /* Info.plist */ = {isa = PBXFileReference; lastKnownFileType = text.plist.xml; path = Info.plist; sourceTree = "<group>"; };
		742CE3FD2028AF2200AA6923 /* main.m */ = {isa = PBXFileReference; lastKnownFileType = sourcecode.c.objc; path = main.m; sourceTree = "<group>"; };
		742CE4042028AFCB00AA6923 /* BulletView.h */ = {isa = PBXFileReference; lastKnownFileType = sourcecode.c.h; path = BulletView.h; sourceTree = "<group>"; };
		742CE4052028AFCB00AA6923 /* BulletView.m */ = {isa = PBXFileReference; lastKnownFileType = sourcecode.c.objc; path = BulletView.m; sourceTree = "<group>"; };
		742CE4072028AFDC00AA6923 /* BulletManage.h */ = {isa = PBXFileReference; lastKnownFileType = sourcecode.c.h; path = BulletManage.h; sourceTree = "<group>"; };
		742CE4082028AFDC00AA6923 /* BulletManage.m */ = {isa = PBXFileReference; lastKnownFileType = sourcecode.c.objc; path = BulletManage.m; sourceTree = "<group>"; };
/* End PBXFileReference section */

/* Begin PBXFrameworksBuildPhase section */
		742CE3E82028AF2200AA6923 /* Frameworks */ = {
			isa = PBXFrameworksBuildPhase;
			buildActionMask = 2147483647;
			files = (
			);
			runOnlyForDeploymentPostprocessing = 0;
		};
/* End PBXFrameworksBuildPhase section */

/* Begin PBXGroup section */
		742CE3E22028AF2200AA6923 = {
			isa = PBXGroup;
			children = (
				742CE3ED2028AF2200AA6923 /* liveCommentingPratices */,
				742CE3EC2028AF2200AA6923 /* Products */,
			);
			sourceTree = "<group>";
		};
		742CE3EC2028AF2200AA6923 /* Products */ = {
			isa = PBXGroup;
			children = (
				742CE3EB2028AF2200AA6923 /* liveCommentingPratices.app */,
			);
			name = Products;
			sourceTree = "<group>";
		};
		742CE3ED2028AF2200AA6923 /* liveCommentingPratices */ = {
			isa = PBXGroup;
			children = (
				742CE3EE2028AF2200AA6923 /* AppDelegate.h */,
				742CE3EF2028AF2200AA6923 /* AppDelegate.m */,
				742CE3F12028AF2200AA6923 /* ViewController.h */,
				742CE3F22028AF2200AA6923 /* ViewController.m */,
				742CE4042028AFCB00AA6923 /* BulletView.h */,
				742CE4052028AFCB00AA6923 /* BulletView.m */,
				742CE4072028AFDC00AA6923 /* BulletManage.h */,
				742CE4082028AFDC00AA6923 /* BulletManage.m */,
				742CE3F42028AF2200AA6923 /* Main.storyboard */,
				742CE3F72028AF2200AA6923 /* Assets.xcassets */,
				742CE3F92028AF2200AA6923 /* LaunchScreen.storyboard */,
				742CE3FC2028AF2200AA6923 /* Info.plist */,
				742CE3FD2028AF2200AA6923 /* main.m */,
			);
			path = liveCommentingPratices;
			sourceTree = "<group>";
		};
/* End PBXGroup section */

/* Begin PBXNativeTarget section */
		742CE3EA2028AF2200AA6923 /* liveCommentingPratices */ = {
			isa = PBXNativeTarget;
			buildConfigurationList = 742CE4012028AF2200AA6923 /* Build configuration list for PBXNativeTarget "liveCommentingPratices" */;
			buildPhases = (
				742CE3E72028AF2200AA6923 /* Sources */,
				742CE3E82028AF2200AA6923 /* Frameworks */,
				742CE3E92028AF2200AA6923 /* Resources */,
			);
			buildRules = (
			);
			dependencies = (
			);
			name = liveCommentingPratices;
			productName = liveCommentingPratices;
			productReference = 742CE3EB2028AF2200AA6923 /* liveCommentingPratices.app */;
			productType = "com.apple.product-type.application";
		};
/* End PBXNativeTarget section */

/* Begin PBXProject section */
		742CE3E32028AF2200AA6923 /* Project object */ = {
			isa = PBXProject;
			attributes = {
				LastUpgradeCheck = 0920;
				ORGANIZATIONNAME = "#incloud";
				TargetAttributes = {
					742CE3EA2028AF2200AA6923 = {
						CreatedOnToolsVersion = 9.2;
						ProvisioningStyle = Automatic;
					};
				};
			};
			buildConfigurationList = 742CE3E62028AF2200AA6923 /* Build configuration list for PBXProject "liveCommentingPratices" */;
			compatibilityVersion = "Xcode 8.0";
			developmentRegion = en;
			hasScannedForEncodings = 0;
			knownRegions = (
				en,
				Base,
			);
			mainGroup = 742CE3E22028AF2200AA6923;
			productRefGroup = 742CE3EC2028AF2200AA6923 /* Products */;
			projectDirPath = "";
			projectRoot = "";
			targets = (
				742CE3EA2028AF2200AA6923 /* liveCommentingPratices */,
			);
		};
/* End PBXProject section */

/* Begin PBXResourcesBuildPhase section */
		742CE3E92028AF2200AA6923 /* Resources */ = {
			isa = PBXResourcesBuildPhase;
			buildActionMask = 2147483647;
			files = (
				742CE3FB2028AF2200AA6923 /* LaunchScreen.storyboard in Resources */,
				742CE3F82028AF2200AA6923 /* Assets.xcassets in Resources */,
				742CE3F62028AF2200AA6923 /* Main.storyboard in Resources */,
			);
			runOnlyForDeploymentPostprocessing = 0;
		};
/* End PBXResourcesBuildPhase section */

/* Begin PBXSourcesBuildPhase section */
		742CE3E72028AF2200AA6923 /* Sources */ = {
			isa = PBXSourcesBuildPhase;
			buildActionMask = 2147483647;
			files = (
				742CE3F32028AF2200AA6923 /* ViewController.m in Sources */,
				742CE4092028AFDD00AA6923 /* BulletManage.m in Sources */,
				742CE3FE2028AF2200AA6923 /* main.m in Sources */,
				742CE4062028AFCB00AA6923 /* BulletView.m in Sources */,
				742CE3F02028AF2200AA6923 /* AppDelegate.m in Sources */,
			);
			runOnlyForDeploymentPostprocessing = 0;
		};
/* End PBXSourcesBuildPhase section */

/* Begin PBXVariantGroup section */
		742CE3F42028AF2200AA6923 /* Main.storyboard */ = {
			isa = PBXVariantGroup;
			children = (
				742CE3F52028AF2200AA6923 /* Base */,
			);
			name = Main.storyboard;
			sourceTree = "<group>";
		};
		742CE3F92028AF2200AA6923 /* LaunchScreen.storyboard */ = {
			isa = PBXVariantGroup;
			children = (
				742CE3FA2028AF2200AA6923 /* Base */,
			);
			name = LaunchScreen.storyboard;
			sourceTree = "<group>";
		};
/* End PBXVariantGroup section */

/* Begin XCBuildConfiguration section */
		742CE3FF2028AF2200AA6923 /* Debug */ = {
			isa = XCBuildConfiguration;
			buildSettings = {
				ALWAYS_SEARCH_USER_PATHS = NO;
				CLANG_ANALYZER_NONNULL = YES;
				CLANG_ANALYZER_NUMBER_OBJECT_CONVERSION = YES_AGGRESSIVE;
				CLANG_CXX_LANGUAGE_STANDARD = "gnu++14";
				CLANG_CXX_LIBRARY = "libc++";
				CLANG_ENABLE_MODULES = YES;
				CLANG_ENABLE_OBJC_ARC = YES;
				CLANG_WARN_BLOCK_CAPTURE_AUTORELEASING = YES;
				CLANG_WARN_BOOL_CONVERSION = YES;
				CLANG_WARN_COMMA = YES;
				CLANG_WARN_CONSTANT_CONVERSION = YES;
				CLANG_WARN_DIRECT_OBJC_ISA_USAGE = YES_ERROR;
				CLANG_WARN_DOCUMENTATION_COMMENTS = YES;
				CLANG_WARN_EMPTY_BODY = YES;
				CLANG_WARN_ENUM_CONVERSION = YES;
				CLANG_WARN_INFINITE_RECURSION = YES;
				CLANG_WARN_INT_CONVERSION = YES;
				CLANG_WARN_NON_LITERAL_NULL_CONVERSION = YES;
				CLANG_WARN_OBJC_LITERAL_CONVERSION = YES;
				CLANG_WARN_OBJC_ROOT_CLASS = YES_ERROR;
				CLANG_WARN_RANGE_LOOP_ANALYSIS = YES;
				CLANG_WARN_STRICT_PROTOTYPES = YES;
				CLANG_WARN_SUSPICIOUS_MOVE = YES;
				CLANG_WARN_UNGUARDED_AVAILABILITY = YES_AGGRESSIVE;
				CLANG_WARN_UNREACHABLE_CODE = YES;
				CLANG_WARN__DUPLICATE_METHOD_MATCH = YES;
				CODE_SIGN_IDENTITY = "iPhone Developer";
				COPY_PHASE_STRIP = NO;
				DEBUG_INFORMATION_FORMAT = dwarf;
				ENABLE_STRICT_OBJC_MSGSEND = YES;
				ENABLE_TESTABILITY = YES;
				GCC_C_LANGUAGE_STANDARD = gnu11;
				GCC_DYNAMIC_NO_PIC = NO;
				GCC_NO_COMMON_BLOCKS = YES;
				GCC_OPTIMIZATION_LEVEL = 0;
				GCC_PREPROCESSOR_DEFINITIONS = (
					"DEBUG=1",
					"$(inherited)",
				);
				GCC_WARN_64_TO_32_BIT_CONVERSION = YES;
				GCC_WARN_ABOUT_RETURN_TYPE = YES_ERROR;
				GCC_WARN_UNDECLARED_SELECTOR = YES;
				GCC_WARN_UNINITIALIZED_AUTOS = YES_AGGRESSIVE;
				GCC_WARN_UNUSED_FUNCTION = YES;
				GCC_WARN_UNUSED_VARIABLE = YES;
				IPHONEOS_DEPLOYMENT_TARGET = 11.2;
				MTL_ENABLE_DEBUG_INFO = YES;
				ONLY_ACTIVE_ARCH = YES;
				SDKROOT = iphoneos;
			};
			name = Debug;
		};
		742CE4002028AF2200AA6923 /* Release */ = {
			isa = XCBuildConfiguration;
			buildSettings = {
				ALWAYS_SEARCH_USER_PATHS = NO;
				CLANG_ANALYZER_NONNULL = YES;
				CLANG_ANALYZER_NUMBER_OBJECT_CONVERSION = YES_AGGRESSIVE;
				CLANG_CXX_LANGUAGE_STANDARD = "gnu++14";
				CLANG_CXX_LIBRARY = "libc++";
				CLANG_ENABLE_MODULES = YES;
				CLANG_ENABLE_OBJC_ARC = YES;
				CLANG_WARN_BLOCK_CAPTURE_AUTORELEASING = YES;
				CLANG_WARN_BOOL_CONVERSION = YES;
				CLANG_WARN_COMMA = YES;
				CLANG_WARN_CONSTANT_CONVERSION = YES;
				CLANG_WARN_DIRECT_OBJC_ISA_USAGE = YES_ERROR;
				CLANG_WARN_DOCUMENTATION_COMMENTS = YES;
				CLANG_WARN_EMPTY_BODY = YES;
				CLANG_WARN_ENUM_CONVERSION = YES;
				CLANG_WARN_INFINITE_RECURSION = YES;
				CLANG_WARN_INT_CONVERSION = YES;
				CLANG_WARN_NON_LITERAL_NULL_CONVERSION = YES;
				CLANG_WARN_OBJC_LITERAL_CONVERSION = YES;
				CLANG_WARN_OBJC_ROOT_CLASS = YES_ERROR;
				CLANG_WARN_RANGE_LOOP_ANALYSIS = YES;
				CLANG_WARN_STRICT_PROTOTYPES = YES;
				CLANG_WARN_SUSPICIOUS_MOVE = YES;
				CLANG_WARN_UNGUARDED_AVAILABILITY = YES_AGGRESSIVE;
				CLANG_WARN_UNREACHABLE_CODE = YES;
				CLANG_WARN__DUPLICATE_METHOD_MATCH = YES;
				CODE_SIGN_IDENTITY = "iPhone Developer";
				COPY_PHASE_STRIP = NO;
				DEBUG_INFORMATION_FORMAT = "dwarf-with-dsym";
				ENABLE_NS_ASSERTIONS = NO;
				ENABLE_STRICT_OBJC_MSGSEND = YES;
				GCC_C_LANGUAGE_STANDARD = gnu11;
				GCC_NO_COMMON_BLOCKS = YES;
				GCC_WARN_64_TO_32_BIT_CONVERSION = YES;
				GCC_WARN_ABOUT_RETURN_TYPE = YES_ERROR;
				GCC_WARN_UNDECLARED_SELECTOR = YES;
				GCC_WARN_UNINITIALIZED_AUTOS = YES_AGGRESSIVE;
				GCC_WARN_UNUSED_FUNCTION = YES;
				GCC_WARN_UNUSED_VARIABLE = YES;
				IPHONEOS_DEPLOYMENT_TARGET = 11.2;
				MTL_ENABLE_DEBUG_INFO = NO;
				SDKROOT = iphoneos;
				VALIDATE_PRODUCT = YES;
			};
			name = Release;
		};
		742CE4022028AF2200AA6923 /* Debug */ = {
			isa = XCBuildConfiguration;
			buildSettings = {
				ASSETCATALOG_COMPILER_APPICON_NAME = AppIcon;
				CODE_SIGN_STYLE = Automatic;
				DEVELOPMENT_TEAM = U6J5965DZK;
				INFOPLIST_FILE = liveCommentingPratices/Info.plist;
				LD_RUNPATH_SEARCH_PATHS = "$(inherited) @executable_path/Frameworks";
				PRODUCT_BUNDLE_IDENTIFIER = pjhubs.liveCommentingPratices;
				PRODUCT_NAME = "$(TARGET_NAME)";
				TARGETED_DEVICE_FAMILY = "1,2";
			};
			name = Debug;
		};
		742CE4032028AF2200AA6923 /* Release */ = {
			isa = XCBuildConfiguration;
			buildSettings = {
				ASSETCATALOG_COMPILER_APPICON_NAME = AppIcon;
				CODE_SIGN_STYLE = Automatic;
				DEVELOPMENT_TEAM = U6J5965DZK;
				INFOPLIST_FILE = liveCommentingPratices/Info.plist;
				LD_RUNPATH_SEARCH_PATHS = "$(inherited) @executable_path/Frameworks";
				PRODUCT_BUNDLE_IDENTIFIER = pjhubs.liveCommentingPratices;
				PRODUCT_NAME = "$(TARGET_NAME)";
				TARGETED_DEVICE_FAMILY = "1,2";
			};
			name = Release;
		};
/* End XCBuildConfiguration section */

/* Begin XCConfigurationList section */
		742CE3E62028AF2200AA6923 /* Build configuration list for PBXProject "liveCommentingPratices" */ = {
			isa = XCConfigurationList;
			buildConfigurations = (
				742CE3FF2028AF2200AA6923 /* Debug */,
				742CE4002028AF2200AA6923 /* Release */,
			);
			defaultConfigurationIsVisible = 0;
			defaultConfigurationName = Release;
		};
		742CE4012028AF2200AA6923 /* Build configuration list for PBXNativeTarget "liveCommentingPratices" */ = {
			isa = XCConfigurationList;
			buildConfigurations = (
				742CE4022028AF2200AA6923 /* Debug */,
				742CE4032028AF2200AA6923 /* Release */,
			);
			defaultConfigurationIsVisible = 0;
			defaultConfigurationName = Release;
		};
/* End XCConfigurationList section */
	};
	rootObject = 742CE3E32028AF2200AA6923 /* Project object */;
}
